
Microsoft Visual Studio Solution File, Format Version 12.00
Project("{FAE04EC0-301F-11D3-BF4B-00C04F79EFBC}") = "CoffeeBeanExplorer", "CoffeeBeanExplorer\CoffeeBeanExplorer.csproj", "{40ED8BF7-63CC-480C-8714-27123C05AADF}"
EndProject
Global
	GlobalSection(SolutionConfigurationPlatforms) = preSolution
		Debug|Any CPU = Debug|Any CPU
		Release|Any CPU = Release|Any CPU
	EndGlobalSection
	GlobalSection(ProjectConfigurationPlatforms) = postSolution
		{40ED8BF7-63CC-480C-8714-27123C05AADF}.Debug|Any CPU.ActiveCfg = Debug|Any CPU
		{40ED8BF7-63CC-480C-8714-27123C05AADF}.Debug|Any CPU.Build.0 = Debug|Any CPU
		{40ED8BF7-63CC-480C-8714-27123C05AADF}.Release|Any CPU.ActiveCfg = Release|Any CPU
		{40ED8BF7-63CC-480C-8714-27123C05AADF}.Release|Any CPU.Build.0 = Release|Any CPU
	EndGlobalSection
EndGlobal
