
Microsoft Visual Studio Solution File, Format Version 12.00
Project("{FAE04EC0-301F-11D3-BF4B-00C04F79EFBC}") = "CoffeeBeanExplorer", "CoffeeBeanExplorer\CoffeeBeanExplorer.csproj", "{40ED8BF7-63CC-480C-8714-27123C05AADF}"
EndProject
Project("{FAE04EC0-301F-11D3-BF4B-00C04F79EFBC}") = "CoffeeBeanExplorer.Domain", "CoffeeBeanExplorer.Domain\CoffeeBeanExplorer.Domain.csproj", "{95ABB67D-6A98-4C16-BF0D-3DC8C998C109}"
EndProject
Project("{FAE04EC0-301F-11D3-BF4B-00C04F79EFBC}") = "CoffeeBeanExplorer.Infrastructure", "CoffeeBeanExplorer.Infrastructure\CoffeeBeanExplorer.Infrastructure.csproj", "{3ED2342C-089E-46AC-B873-5AEC44AD1DE4}"
EndProject
Project("{FAE04EC0-301F-11D3-BF4B-00C04F79EFBC}") = "CoffeeBeanExplorer.Application", "CoffeeBeanExplorer.Application\CoffeeBeanExplorer.Application.csproj", "{C971C8AC-69EA-46EC-86D7-514EBD8C87F0}"
EndProject
Project("{FAE04EC0-301F-11D3-BF4B-00C04F79EFBC}") = "CoffeeBeanExplorer.Tests", "CoffeeBeanExplorer.Tests\CoffeeBeanExplorer.Tests.csproj", "{5B5B45B0-DC6B-4ABC-951D-51A4E861D157}"
EndProject
Global
	GlobalSection(SolutionConfigurationPlatforms) = preSolution
		Debug|Any CPU = Debug|Any CPU
		Release|Any CPU = Release|Any CPU
	EndGlobalSection
	GlobalSection(ProjectConfigurationPlatforms) = postSolution
		{40ED8BF7-63CC-480C-8714-27123C05AADF}.Debug|Any CPU.ActiveCfg = Debug|Any CPU
		{40ED8BF7-63CC-480C-8714-27123C05AADF}.Debug|Any CPU.Build.0 = Debug|Any CPU
		{40ED8BF7-63CC-480C-8714-27123C05AADF}.Release|Any CPU.ActiveCfg = Release|Any CPU
		{40ED8BF7-63CC-480C-8714-27123C05AADF}.Release|Any CPU.Build.0 = Release|Any CPU
		{95ABB67D-6A98-4C16-BF0D-3DC8C998C109}.Debug|Any CPU.ActiveCfg = Debug|Any CPU
		{95ABB67D-6A98-4C16-BF0D-3DC8C998C109}.Debug|Any CPU.Build.0 = Debug|Any CPU
		{95ABB67D-6A98-4C16-BF0D-3DC8C998C109}.Release|Any CPU.ActiveCfg = Release|Any CPU
		{95ABB67D-6A98-4C16-BF0D-3DC8C998C109}.Release|Any CPU.Build.0 = Release|Any CPU
		{3ED2342C-089E-46AC-B873-5AEC44AD1DE4}.Debug|Any CPU.ActiveCfg = Debug|Any CPU
		{3ED2342C-089E-46AC-B873-5AEC44AD1DE4}.Debug|Any CPU.Build.0 = Debug|Any CPU
		{3ED2342C-089E-46AC-B873-5AEC44AD1DE4}.Release|Any CPU.ActiveCfg = Release|Any CPU
		{3ED2342C-089E-46AC-B873-5AEC44AD1DE4}.Release|Any CPU.Build.0 = Release|Any CPU
		{C971C8AC-69EA-46EC-86D7-514EBD8C87F0}.Debug|Any CPU.ActiveCfg = Debug|Any CPU
		{C971C8AC-69EA-46EC-86D7-514EBD8C87F0}.Debug|Any CPU.Build.0 = Debug|Any CPU
		{C971C8AC-69EA-46EC-86D7-514EBD8C87F0}.Release|Any CPU.ActiveCfg = Release|Any CPU
		{C971C8AC-69EA-46EC-86D7-514EBD8C87F0}.Release|Any CPU.Build.0 = Release|Any CPU
		{5B5B45B0-DC6B-4ABC-951D-51A4E861D157}.Debug|Any CPU.ActiveCfg = Debug|Any CPU
		{5B5B45B0-DC6B-4ABC-951D-51A4E861D157}.Debug|Any CPU.Build.0 = Debug|Any CPU
		{5B5B45B0-DC6B-4ABC-951D-51A4E861D157}.Release|Any CPU.ActiveCfg = Release|Any CPU
		{5B5B45B0-DC6B-4ABC-951D-51A4E861D157}.Release|Any CPU.Build.0 = Release|Any CPU
	EndGlobalSection
EndGlobal
